
Microsoft Visual Studio Solution File, Format Version 12.00
# Visual Studio Version 17
VisualStudioVersion = 17.13.35931.197 d17.13
MinimumVisualStudioVersion = 10.0.40219.1
Project("{FAE04EC0-301F-11D3-BF4B-00C04F79EFBC}") = "AutoFilesTransfer", "AutoFilesTransfer\AutoFilesTransfer.csproj", "{03FF533C-C24B-4105-AA78-D1068C5F4AD9}"
EndProject
Global
	GlobalSection(SolutionConfigurationPlatforms) = preSolution
		Debug|Any CPU = Debug|Any CPU
		Release|Any CPU = Release|Any CPU
	EndGlobalSection
	GlobalSection(ProjectConfigurationPlatforms) = postSolution
		{03FF533C-C24B-4105-AA78-D1068C5F4AD9}.Debug|Any CPU.ActiveCfg = Debug|Any CPU
		{03FF533C-C24B-4105-AA78-D1068C5F4AD9}.Debug|Any CPU.Build.0 = Debug|Any CPU
		{03FF533C-C24B-4105-AA78-D1068C5F4AD9}.Release|Any CPU.ActiveCfg = Release|Any CPU
		{03FF533C-C24B-4105-AA78-D1068C5F4AD9}.Release|Any CPU.Build.0 = Release|Any CPU
	EndGlobalSection
	GlobalSection(SolutionProperties) = preSolution
		HideSolutionNode = FALSE
	EndGlobalSection
	GlobalSection(ExtensibilityGlobals) = postSolution
		SolutionGuid = {F341F1F7-B81E-4121-9696-801E0A40BD3B}
	EndGlobalSection
EndGlobal
